
Microsoft Visual Studio Solution File, Format Version 12.00
# Visual Studio Version 16
VisualStudioVersion = 16.0.31321.278
MinimumVisualStudioVersion = 10.0.40219.1
Project("{FAE04EC0-301F-11D3-BF4B-00C04F79EFBC}") = "Dashboard", "Dashboard\Dashboard.csproj", "{7CEAF20B-5815-4D55-8604-7359F7797B76}"
EndProject
Project("{FAE04EC0-301F-11D3-BF4B-00C04F79EFBC}") = "Dash", "Dash\Dash.csproj", "{D64F8715-E5A3-4CA2-BC61-6FDDAA951BFD}"
EndProject
Global
	GlobalSection(SolutionConfigurationPlatforms) = preSolution
		Debug|Any CPU = Debug|Any CPU
		Release|Any CPU = Release|Any CPU
	EndGlobalSection
	GlobalSection(ProjectConfigurationPlatforms) = postSolution
		{7CEAF20B-5815-4D55-8604-7359F7797B76}.Debug|Any CPU.ActiveCfg = Debug|Any CPU
		{7CEAF20B-5815-4D55-8604-7359F7797B76}.Debug|Any CPU.Build.0 = Debug|Any CPU
		{7CEAF20B-5815-4D55-8604-7359F7797B76}.Release|Any CPU.ActiveCfg = Release|Any CPU
		{7CEAF20B-5815-4D55-8604-7359F7797B76}.Release|Any CPU.Build.0 = Release|Any CPU
		{D64F8715-E5A3-4CA2-BC61-6FDDAA951BFD}.Debug|Any CPU.ActiveCfg = Debug|Any CPU
		{D64F8715-E5A3-4CA2-BC61-6FDDAA951BFD}.Debug|Any CPU.Build.0 = Debug|Any CPU
		{D64F8715-E5A3-4CA2-BC61-6FDDAA951BFD}.Release|Any CPU.ActiveCfg = Release|Any CPU
		{D64F8715-E5A3-4CA2-BC61-6FDDAA951BFD}.Release|Any CPU.Build.0 = Release|Any CPU
	EndGlobalSection
	GlobalSection(SolutionProperties) = preSolution
		HideSolutionNode = FALSE
	EndGlobalSection
	GlobalSection(ExtensibilityGlobals) = postSolution
		SolutionGuid = {CDD6CDF6-2D3C-4574-A829-3736E6A8F945}
	EndGlobalSection
EndGlobal
